{
  "object": {
    "pins": [
      {
        "package": "SwiftSyntax",
        "repositoryURL": "https://github.com/apple/swift-syntax.git",
        "state": {
          "branch": null,
          "revision": "cd793adf5680e138bf2bcbaacc292490175d0dcd",
          "version": "508.0.0"
        }
      }
    ]
  },
  "version": 1
}
